
Microsoft Visual Studio Solution File, Format Version 12.00
# Visual Studio 14
VisualStudioVersion = 14.0.25420.1
MinimumVisualStudioVersion = 10.0.40219.1
Project("{2150E333-8FDC-42A3-9474-1A3956D46DE8}") = "src", "src", "{2F23A487-14AD-4828-8A53-BAD4B97C23C7}"
EndProject
Project("{2150E333-8FDC-42A3-9474-1A3956D46DE8}") = "Solution Items", "Solution Items", "{1C095F5A-DABE-494B-AF93-6A7AE30195F8}"
	ProjectSection(SolutionItems) = preProject
		global.json = global.json
	EndProjectSection
EndProject
Project("{8BB2217D-0F2D-49D1-97BC-3654ED321F3B}") = "CameraServer", "src\CameraServer\CameraServer.xproj", "{D910AC21-9EC3-47A2-8D6B-419E33ECF3FA}"
EndProject
Global
	GlobalSection(SolutionConfigurationPlatforms) = preSolution
		Debug|Any CPU = Debug|Any CPU
		Release|Any CPU = Release|Any CPU
	EndGlobalSection
	GlobalSection(ProjectConfigurationPlatforms) = postSolution
		{D910AC21-9EC3-47A2-8D6B-419E33ECF3FA}.Debug|Any CPU.ActiveCfg = Debug|Any CPU
		{D910AC21-9EC3-47A2-8D6B-419E33ECF3FA}.Debug|Any CPU.Build.0 = Debug|Any CPU
		{D910AC21-9EC3-47A2-8D6B-419E33ECF3FA}.Release|Any CPU.ActiveCfg = Release|Any CPU
		{D910AC21-9EC3-47A2-8D6B-419E33ECF3FA}.Release|Any CPU.Build.0 = Release|Any CPU
	EndGlobalSection
	GlobalSection(SolutionProperties) = preSolution
		HideSolutionNode = FALSE
	EndGlobalSection
	GlobalSection(NestedProjects) = preSolution
		{D910AC21-9EC3-47A2-8D6B-419E33ECF3FA} = {2F23A487-14AD-4828-8A53-BAD4B97C23C7}
	EndGlobalSection
EndGlobal
